
Microsoft Visual Studio Solution File, Format Version 12.00
# Visual Studio Version 17
VisualStudioVersion = 17.0.31903.59
MinimumVisualStudioVersion = 10.0.40219.1
Project("{2150E333-8FDC-42A3-9474-1A3956D46DE8}") = "src", "src", "{1EEF29C8-71C7-468A-85D2-5536445C870F}"
EndProject
Project("{2150E333-8FDC-42A3-9474-1A3956D46DE8}") = "ApiGateway", "ApiGateway", "{4EFAB4ED-EC40-4AC6-A1D9-0358F72B2A59}"
EndProject
Project("{FAE04EC0-301F-11D3-BF4B-00C04F79EFBC}") = "HMS.ApiGateway", "src\ApiGateway\HMS.ApiGateway\HMS.ApiGateway.csproj", "{3A138B84-82BE-4BC7-AA1B-1160C14B8D1F}"
EndProject
Project("{2150E333-8FDC-42A3-9474-1A3956D46DE8}") = "BuildingBlocks", "BuildingBlocks", "{82EAF046-A34C-40CB-B05A-7D5718E26714}"
EndProject
Project("{FAE04EC0-301F-11D3-BF4B-00C04F79EFBC}") = "HMS.Contracts", "src\BuildingBlocks\HMS.Contracts\HMS.Contracts.csproj", "{919D7CFB-254B-4889-8450-2F9C06C2A488}"
EndProject
Project("{FAE04EC0-301F-11D3-BF4B-00C04F79EFBC}") = "HMS.SharedKernel", "src\BuildingBlocks\HMS.SharedKernel\HMS.SharedKernel.csproj", "{BCB9832B-3B48-4E97-A0B8-F59E9B87F661}"
EndProject
Project("{2150E333-8FDC-42A3-9474-1A3956D46DE8}") = "Services", "Services", "{22731691-D012-4B62-9ED4-7B518A56B095}"
EndProject
Project("{2150E333-8FDC-42A3-9474-1A3956D46DE8}") = "Billing", "Billing", "{4210AA3D-54F0-49FC-BBD7-D2A13111A9DB}"
EndProject
Project("{FAE04EC0-301F-11D3-BF4B-00C04F79EFBC}") = "HMS.Billing.Api", "src\Services\Billing\HMS.Billing.Api\HMS.Billing.Api.csproj", "{C2BEBDF1-D9D1-45BE-AADB-A54D2FAC8B07}"
EndProject
Project("{FAE04EC0-301F-11D3-BF4B-00C04F79EFBC}") = "HMS.Billing.Infrastructure", "src\Services\Billing\HMS.Billing.Infrastructure\HMS.Billing.Infrastructure.csproj", "{924F22CF-014D-4D96-8AFB-58D8EAE9E234}"
EndProject
Project("{2150E333-8FDC-42A3-9474-1A3956D46DE8}") = "Clinical", "Clinical", "{110AED88-379A-44D1-A519-ECBB754FA3E8}"
EndProject
Project("{FAE04EC0-301F-11D3-BF4B-00C04F79EFBC}") = "HMS.Clinical.Api", "src\Services\Clinical\HMS.Clinical.Api\HMS.Clinical.Api.csproj", "{41BC89C1-8136-468E-AA9C-0386BD59EE11}"
EndProject
Project("{FAE04EC0-301F-11D3-BF4B-00C04F79EFBC}") = "HMS.Clinical.Infrastructure", "src\Services\Clinical\HMS.Clinical.Infrastructure\HMS.Clinical.Infrastructure.csproj", "{D14B4A25-495A-47E4-92FB-08127EAE88AE}"
EndProject
Project("{2150E333-8FDC-42A3-9474-1A3956D46DE8}") = "Identity", "Identity", "{11ACB883-995F-4221-9CE6-085B72F17B99}"
EndProject
Project("{FAE04EC0-301F-11D3-BF4B-00C04F79EFBC}") = "HMS.Identity.Api", "src\Services\Identity\HMS.Identity.Api\HMS.Identity.Api.csproj", "{6DD40536-0388-46C9-9375-55639B53C841}"
EndProject
Project("{FAE04EC0-301F-11D3-BF4B-00C04F79EFBC}") = "HMS.Identity.Infrastructure", "src\Services\Identity\HMS.Identity.Infrastructure\HMS.Identity.Infrastructure.csproj", "{8DFBDD13-4A16-4A9D-B21B-A071C155A6FD}"
EndProject
Project("{2150E333-8FDC-42A3-9474-1A3956D46DE8}") = "Patients", "Patients", "{FDD402A5-7021-4C49-BE83-4D1C9291F090}"
EndProject
Project("{FAE04EC0-301F-11D3-BF4B-00C04F79EFBC}") = "HMS.Patients.Api", "src\Services\Patients\HMS.Patients.Api\HMS.Patients.Api.csproj", "{CA8F0AE7-D58B-42C8-8807-44EF00008E39}"
EndProject
Project("{FAE04EC0-301F-11D3-BF4B-00C04F79EFBC}") = "HMS.Patients.Infrastructure", "src\Services\Patients\HMS.Patients.Infrastructure\HMS.Patients.Infrastructure.csproj", "{C5AA96EB-4AAB-4386-9CD2-113DB4F5DB6F}"
EndProject
Global
	GlobalSection(SolutionConfigurationPlatforms) = preSolution
		Debug|Any CPU = Debug|Any CPU
		Release|Any CPU = Release|Any CPU
	EndGlobalSection
	GlobalSection(SolutionProperties) = preSolution
		HideSolutionNode = FALSE
	EndGlobalSection
	GlobalSection(ProjectConfigurationPlatforms) = postSolution
		{3A138B84-82BE-4BC7-AA1B-1160C14B8D1F}.Debug|Any CPU.ActiveCfg = Debug|Any CPU
		{3A138B84-82BE-4BC7-AA1B-1160C14B8D1F}.Debug|Any CPU.Build.0 = Debug|Any CPU
		{3A138B84-82BE-4BC7-AA1B-1160C14B8D1F}.Release|Any CPU.ActiveCfg = Release|Any CPU
		{3A138B84-82BE-4BC7-AA1B-1160C14B8D1F}.Release|Any CPU.Build.0 = Release|Any CPU
		{919D7CFB-254B-4889-8450-2F9C06C2A488}.Debug|Any CPU.ActiveCfg = Debug|Any CPU
		{919D7CFB-254B-4889-8450-2F9C06C2A488}.Debug|Any CPU.Build.0 = Debug|Any CPU
		{919D7CFB-254B-4889-8450-2F9C06C2A488}.Release|Any CPU.ActiveCfg = Release|Any CPU
		{919D7CFB-254B-4889-8450-2F9C06C2A488}.Release|Any CPU.Build.0 = Release|Any CPU
		{BCB9832B-3B48-4E97-A0B8-F59E9B87F661}.Debug|Any CPU.ActiveCfg = Debug|Any CPU
		{BCB9832B-3B48-4E97-A0B8-F59E9B87F661}.Debug|Any CPU.Build.0 = Debug|Any CPU
		{BCB9832B-3B48-4E97-A0B8-F59E9B87F661}.Release|Any CPU.ActiveCfg = Release|Any CPU
		{BCB9832B-3B48-4E97-A0B8-F59E9B87F661}.Release|Any CPU.Build.0 = Release|Any CPU
		{C2BEBDF1-D9D1-45BE-AADB-A54D2FAC8B07}.Debug|Any CPU.ActiveCfg = Debug|Any CPU
		{C2BEBDF1-D9D1-45BE-AADB-A54D2FAC8B07}.Debug|Any CPU.Build.0 = Debug|Any CPU
		{C2BEBDF1-D9D1-45BE-AADB-A54D2FAC8B07}.Release|Any CPU.ActiveCfg = Release|Any CPU
		{C2BEBDF1-D9D1-45BE-AADB-A54D2FAC8B07}.Release|Any CPU.Build.0 = Release|Any CPU
		{924F22CF-014D-4D96-8AFB-58D8EAE9E234}.Debug|Any CPU.ActiveCfg = Debug|Any CPU
		{924F22CF-014D-4D96-8AFB-58D8EAE9E234}.Debug|Any CPU.Build.0 = Debug|Any CPU
		{924F22CF-014D-4D96-8AFB-58D8EAE9E234}.Release|Any CPU.ActiveCfg = Release|Any CPU
		{924F22CF-014D-4D96-8AFB-58D8EAE9E234}.Release|Any CPU.Build.0 = Release|Any CPU
		{41BC89C1-8136-468E-AA9C-0386BD59EE11}.Debug|Any CPU.ActiveCfg = Debug|Any CPU
		{41BC89C1-8136-468E-AA9C-0386BD59EE11}.Debug|Any CPU.Build.0 = Debug|Any CPU
		{41BC89C1-8136-468E-AA9C-0386BD59EE11}.Release|Any CPU.ActiveCfg = Release|Any CPU
		{41BC89C1-8136-468E-AA9C-0386BD59EE11}.Release|Any CPU.Build.0 = Release|Any CPU
		{D14B4A25-495A-47E4-92FB-08127EAE88AE}.Debug|Any CPU.ActiveCfg = Debug|Any CPU
		{D14B4A25-495A-47E4-92FB-08127EAE88AE}.Debug|Any CPU.Build.0 = Debug|Any CPU
		{D14B4A25-495A-47E4-92FB-08127EAE88AE}.Release|Any CPU.ActiveCfg = Release|Any CPU
		{D14B4A25-495A-47E4-92FB-08127EAE88AE}.Release|Any CPU.Build.0 = Release|Any CPU
		{6DD40536-0388-46C9-9375-55639B53C841}.Debug|Any CPU.ActiveCfg = Debug|Any CPU
		{6DD40536-0388-46C9-9375-55639B53C841}.Debug|Any CPU.Build.0 = Debug|Any CPU
		{6DD40536-0388-46C9-9375-55639B53C841}.Release|Any CPU.ActiveCfg = Release|Any CPU
		{6DD40536-0388-46C9-9375-55639B53C841}.Release|Any CPU.Build.0 = Release|Any CPU
		{8DFBDD13-4A16-4A9D-B21B-A071C155A6FD}.Debug|Any CPU.ActiveCfg = Debug|Any CPU
		{8DFBDD13-4A16-4A9D-B21B-A071C155A6FD}.Debug|Any CPU.Build.0 = Debug|Any CPU
		{8DFBDD13-4A16-4A9D-B21B-A071C155A6FD}.Release|Any CPU.ActiveCfg = Release|Any CPU
		{8DFBDD13-4A16-4A9D-B21B-A071C155A6FD}.Release|Any CPU.Build.0 = Release|Any CPU
		{CA8F0AE7-D58B-42C8-8807-44EF00008E39}.Debug|Any CPU.ActiveCfg = Debug|Any CPU
		{CA8F0AE7-D58B-42C8-8807-44EF00008E39}.Debug|Any CPU.Build.0 = Debug|Any CPU
		{CA8F0AE7-D58B-42C8-8807-44EF00008E39}.Release|Any CPU.ActiveCfg = Release|Any CPU
		{CA8F0AE7-D58B-42C8-8807-44EF00008E39}.Release|Any CPU.Build.0 = Release|Any CPU
		{C5AA96EB-4AAB-4386-9CD2-113DB4F5DB6F}.Debug|Any CPU.ActiveCfg = Debug|Any CPU
		{C5AA96EB-4AAB-4386-9CD2-113DB4F5DB6F}.Debug|Any CPU.Build.0 = Debug|Any CPU
		{C5AA96EB-4AAB-4386-9CD2-113DB4F5DB6F}.Release|Any CPU.ActiveCfg = Release|Any CPU
		{C5AA96EB-4AAB-4386-9CD2-113DB4F5DB6F}.Release|Any CPU.Build.0 = Release|Any CPU
	EndGlobalSection
	GlobalSection(NestedProjects) = preSolution
		{4EFAB4ED-EC40-4AC6-A1D9-0358F72B2A59} = {1EEF29C8-71C7-468A-85D2-5536445C870F}
		{3A138B84-82BE-4BC7-AA1B-1160C14B8D1F} = {4EFAB4ED-EC40-4AC6-A1D9-0358F72B2A59}
		{82EAF046-A34C-40CB-B05A-7D5718E26714} = {1EEF29C8-71C7-468A-85D2-5536445C870F}
		{919D7CFB-254B-4889-8450-2F9C06C2A488} = {82EAF046-A34C-40CB-B05A-7D5718E26714}
		{BCB9832B-3B48-4E97-A0B8-F59E9B87F661} = {82EAF046-A34C-40CB-B05A-7D5718E26714}
		{22731691-D012-4B62-9ED4-7B518A56B095} = {1EEF29C8-71C7-468A-85D2-5536445C870F}
		{4210AA3D-54F0-49FC-BBD7-D2A13111A9DB} = {22731691-D012-4B62-9ED4-7B518A56B095}
		{C2BEBDF1-D9D1-45BE-AADB-A54D2FAC8B07} = {4210AA3D-54F0-49FC-BBD7-D2A13111A9DB}
		{924F22CF-014D-4D96-8AFB-58D8EAE9E234} = {4210AA3D-54F0-49FC-BBD7-D2A13111A9DB}
		{110AED88-379A-44D1-A519-ECBB754FA3E8} = {22731691-D012-4B62-9ED4-7B518A56B095}
		{41BC89C1-8136-468E-AA9C-0386BD59EE11} = {110AED88-379A-44D1-A519-ECBB754FA3E8}
		{D14B4A25-495A-47E4-92FB-08127EAE88AE} = {110AED88-379A-44D1-A519-ECBB754FA3E8}
		{11ACB883-995F-4221-9CE6-085B72F17B99} = {22731691-D012-4B62-9ED4-7B518A56B095}
		{6DD40536-0388-46C9-9375-55639B53C841} = {11ACB883-995F-4221-9CE6-085B72F17B99}
		{8DFBDD13-4A16-4A9D-B21B-A071C155A6FD} = {11ACB883-995F-4221-9CE6-085B72F17B99}
		{FDD402A5-7021-4C49-BE83-4D1C9291F090} = {22731691-D012-4B62-9ED4-7B518A56B095}
		{CA8F0AE7-D58B-42C8-8807-44EF00008E39} = {FDD402A5-7021-4C49-BE83-4D1C9291F090}
		{C5AA96EB-4AAB-4386-9CD2-113DB4F5DB6F} = {FDD402A5-7021-4C49-BE83-4D1C9291F090}
	EndGlobalSection
EndGlobal
